
Microsoft Visual Studio Solution File, Format Version 12.00
# Visual Studio Version 16
VisualStudioVersion = 16.0.30114.105
MinimumVisualStudioVersion = 10.0.40219.1
Project("{FAE04EC0-301F-11D3-BF4B-00C04F79EFBC}") = "Weasyprint.Wrapped", "Weasyprint.Wrapped\Weasyprint.Wrapped.csproj", "{F3ED87A2-C42C-4CC0-B282-FFF598B1BAB0}"
EndProject
Project("{FAE04EC0-301F-11D3-BF4B-00C04F79EFBC}") = "Weasyprint.Wrapped.Tests", "Weasyprint.Wrapped.Tests\Weasyprint.Wrapped.Tests.csproj", "{E3CD7E72-476E-468D-8054-208683E49FCD}"
EndProject
Global
	GlobalSection(SolutionConfigurationPlatforms) = preSolution
		Debug|Any CPU = Debug|Any CPU
		Release|Any CPU = Release|Any CPU
	EndGlobalSection
	GlobalSection(SolutionProperties) = preSolution
		HideSolutionNode = FALSE
	EndGlobalSection
	GlobalSection(ProjectConfigurationPlatforms) = postSolution
		{F3ED87A2-C42C-4CC0-B282-FFF598B1BAB0}.Debug|Any CPU.ActiveCfg = Debug|Any CPU
		{F3ED87A2-C42C-4CC0-B282-FFF598B1BAB0}.Debug|Any CPU.Build.0 = Debug|Any CPU
		{F3ED87A2-C42C-4CC0-B282-FFF598B1BAB0}.Release|Any CPU.ActiveCfg = Release|Any CPU
		{F3ED87A2-C42C-4CC0-B282-FFF598B1BAB0}.Release|Any CPU.Build.0 = Release|Any CPU
		{E3CD7E72-476E-468D-8054-208683E49FCD}.Debug|Any CPU.ActiveCfg = Debug|Any CPU
		{E3CD7E72-476E-468D-8054-208683E49FCD}.Debug|Any CPU.Build.0 = Debug|Any CPU
		{E3CD7E72-476E-468D-8054-208683E49FCD}.Release|Any CPU.ActiveCfg = Release|Any CPU
		{E3CD7E72-476E-468D-8054-208683E49FCD}.Release|Any CPU.Build.0 = Release|Any CPU
	EndGlobalSection
EndGlobal
